
Microsoft Visual Studio Solution File, Format Version 12.00
# Visual Studio 2013
VisualStudioVersion = 12.0.21005.1
MinimumVisualStudioVersion = 10.0.40219.1
Project("{2150E333-8FDC-42A3-9474-1A3956D46DE8}") = "Solution Items", "Solution Items", "{B5256552-08D0-45E6-B199-70AA13B56338}"
	ProjectSection(SolutionItems) = preProject
		Correctness, Design, Globalization, & Security.ruleset = Correctness, Design, Globalization, & Security.ruleset
	EndProjectSection
EndProject
Project("{2150E333-8FDC-42A3-9474-1A3956D46DE8}") = "MSBuild", "MSBuild", "{4A89E63D-81AA-4A35-B0B2-4C625B037394}"
	ProjectSection(SolutionItems) = preProject
		MSBuild\EcmaScript.NET.modified.dll = MSBuild\EcmaScript.NET.modified.dll
		MSBuild\Yahoo.Yui.Compressor.dll = MSBuild\Yahoo.Yui.Compressor.dll
		MSBuild\Yahoo.Yui.Compressor.MsBuildTask.dll = MSBuild\Yahoo.Yui.Compressor.MsBuildTask.dll
		MSBuild\Yui.Compressor.targets = MSBuild\Yui.Compressor.targets
	EndProjectSection
EndProject
Project("{FAE04EC0-301F-11D3-BF4B-00C04F79EFBC}") = "EngageRotator", "EngageRotator.csproj", "{EC040588-2E64-4C1F-98C3-0647D88056BF}"
EndProject
Global
	GlobalSection(SolutionConfigurationPlatforms) = preSolution
		Debug|Any CPU = Debug|Any CPU
		Release|Any CPU = Release|Any CPU
		Trial|Any CPU = Trial|Any CPU
	EndGlobalSection
	GlobalSection(ProjectConfigurationPlatforms) = postSolution
		{EC040588-2E64-4C1F-98C3-0647D88056BF}.Debug|Any CPU.ActiveCfg = Debug|Any CPU
		{EC040588-2E64-4C1F-98C3-0647D88056BF}.Debug|Any CPU.Build.0 = Debug|Any CPU
		{EC040588-2E64-4C1F-98C3-0647D88056BF}.Release|Any CPU.ActiveCfg = Release|Any CPU
		{EC040588-2E64-4C1F-98C3-0647D88056BF}.Release|Any CPU.Build.0 = Release|Any CPU
		{EC040588-2E64-4C1F-98C3-0647D88056BF}.Trial|Any CPU.ActiveCfg = Trial|Any CPU
		{EC040588-2E64-4C1F-98C3-0647D88056BF}.Trial|Any CPU.Build.0 = Trial|Any CPU
	EndGlobalSection
	GlobalSection(SolutionProperties) = preSolution
		HideSolutionNode = FALSE
	EndGlobalSection
	GlobalSection(NestedProjects) = preSolution
		{4A89E63D-81AA-4A35-B0B2-4C625B037394} = {B5256552-08D0-45E6-B199-70AA13B56338}
	EndGlobalSection
EndGlobal
